// !$*UTF8*$!
{
	archiveVersion = 1;
	classes = {
	};
	objectVersion = 46;
	objects = {

/* Begin PBXBuildFile section */
		942F2B771A0BCA7D00D79D25 /* main.m in Sources */ = {isa = PBXBuildFile; fileRef = 942F2B761A0BCA7D00D79D25 /* main.m */; };
		942F2B7A1A0BCA7D00D79D25 /* AppDelegate.m in Sources */ = {isa = PBXBuildFile; fileRef = 942F2B791A0BCA7D00D79D25 /* AppDelegate.m */; };
		942F2B7D1A0BCA7D00D79D25 /* ViewController.m in Sources */ = {isa = PBXBuildFile; fileRef = 942F2B7C1A0BCA7D00D79D25 /* ViewController.m */; };
		942F2B801A0BCA7D00D79D25 /* Main.storyboard in Resources */ = {isa = PBXBuildFile; fileRef = 942F2B7E1A0BCA7D00D79D25 /* Main.storyboard */; };
		942F2B821A0BCA7D00D79D25 /* Images.xcassets in Resources */ = {isa = PBXBuildFile; fileRef = 942F2B811A0BCA7D00D79D25 /* Images.xcassets */; };
		942F2B851A0BCA7D00D79D25 /* LaunchScreen.xib in Resources */ = {isa = PBXBuildFile; fileRef = 942F2B831A0BCA7D00D79D25 /* LaunchScreen.xib */; };
		942F2B911A0BCA7D00D79D25 /* maytinhTests.m in Sources */ = {isa = PBXBuildFile; fileRef = 942F2B901A0BCA7D00D79D25 /* maytinhTests.m */; };
		942F2B9B1A0BCD5900D79D25 /* View.xib in Resources */ = {isa = PBXBuildFile; fileRef = 942F2B9A1A0BCD5900D79D25 /* View.xib */; };
/* End PBXBuildFile section */

/* Begin PBXContainerItemProxy section */
		942F2B8B1A0BCA7D00D79D25 /* PBXContainerItemProxy */ = {
			isa = PBXContainerItemProxy;
			containerPortal = 942F2B691A0BCA7D00D79D25 /* Project object */;
			proxyType = 1;
			remoteGlobalIDString = 942F2B701A0BCA7D00D79D25;
			remoteInfo = maytinh;
		};
/* End PBXContainerItemProxy section */

/* Begin PBXFileReference section */
		942F2B711A0BCA7D00D79D25 /* maytinh.app */ = {isa = PBXFileReference; explicitFileType = wrapper.application; includeInIndex = 0; path = maytinh.app; sourceTree = BUILT_PRODUCTS_DIR; };
		942F2B751A0BCA7D00D79D25 /* Info.plist */ = {isa = PBXFileReference; lastKnownFileType = text.plist.xml; path = Info.plist; sourceTree = "<group>"; };
		942F2B761A0BCA7D00D79D25 /* main.m */ = {isa = PBXFileReference; lastKnownFileType = sourcecode.c.objc; path = main.m; sourceTree = "<group>"; };
		942F2B781A0BCA7D00D79D25 /* AppDelegate.h */ = {isa = PBXFileReference; lastKnownFileType = sourcecode.c.h; path = AppDelegate.h; sourceTree = "<group>"; };
		942F2B791A0BCA7D00D79D25 /* AppDelegate.m */ = {isa = PBXFileReference; lastKnownFileType = sourcecode.c.objc; path = AppDelegate.m; sourceTree = "<group>"; };
		942F2B7B1A0BCA7D00D79D25 /* ViewController.h */ = {isa = PBXFileReference; lastKnownFileType = sourcecode.c.h; path = ViewController.h; sourceTree = "<group>"; };
		942F2B7C1A0BCA7D00D79D25 /* ViewController.m */ = {isa = PBXFileReference; lastKnownFileType = sourcecode.c.objc; path = ViewController.m; sourceTree = "<group>"; };
		942F2B7F1A0BCA7D00D79D25 /* Base */ = {isa = PBXFileReference; lastKnownFileType = file.storyboard; name = Base; path = Base.lproj/Main.storyboard; sourceTree = "<group>"; };
		942F2B811A0BCA7D00D79D25 /* Images.xcassets */ = {isa = PBXFileReference; lastKnownFileType = folder.assetcatalog; path = Images.xcassets; sourceTree = "<group>"; };
		942F2B841A0BCA7D00D79D25 /* Base */ = {isa = PBXFileReference; lastKnownFileType = file.xib; name = Base; path = Base.lproj/LaunchScreen.xib; sourceTree = "<group>"; };
		942F2B8A1A0BCA7D00D79D25 /* maytinhTests.xctest */ = {isa = PBXFileReference; explicitFileType = wrapper.cfbundle; includeInIndex = 0; path = maytinhTests.xctest; sourceTree = BUILT_PRODUCTS_DIR; };
		942F2B8F1A0BCA7D00D79D25 /* Info.plist */ = {isa = PBXFileReference; lastKnownFileType = text.plist.xml; path = Info.plist; sourceTree = "<group>"; };
		942F2B901A0BCA7D00D79D25 /* maytinhTests.m */ = {isa = PBXFileReference; lastKnownFileType = sourcecode.c.objc; path = maytinhTests.m; sourceTree = "<group>"; };
		942F2B9A1A0BCD5900D79D25 /* View.xib */ = {isa = PBXFileReference; fileEncoding = 4; lastKnownFileType = file.xib; path = View.xib; sourceTree = "<group>"; };
/* End PBXFileReference section */

/* Begin PBXFrameworksBuildPhase section */
		942F2B6E1A0BCA7D00D79D25 /* Frameworks */ = {
			isa = PBXFrameworksBuildPhase;
			buildActionMask = 2147483647;
			files = (
			);
			runOnlyForDeploymentPostprocessing = 0;
		};
		942F2B871A0BCA7D00D79D25 /* Frameworks */ = {
			isa = PBXFrameworksBuildPhase;
			buildActionMask = 2147483647;
			files = (
			);
			runOnlyForDeploymentPostprocessing = 0;
		};
/* End PBXFrameworksBuildPhase section */

/* Begin PBXGroup section */
		942F2B681A0BCA7D00D79D25 = {
			isa = PBXGroup;
			children = (
				942F2B731A0BCA7D00D79D25 /* maytinh */,
				942F2B8D1A0BCA7D00D79D25 /* maytinhTests */,
				942F2B721A0BCA7D00D79D25 /* Products */,
			);
			sourceTree = "<group>";
		};
		942F2B721A0BCA7D00D79D25 /* Products */ = {
			isa = PBXGroup;
			children = (
				942F2B711A0BCA7D00D79D25 /* maytinh.app */,
				942F2B8A1A0BCA7D00D79D25 /* maytinhTests.xctest */,
			);
			name = Products;
			sourceTree = "<group>";
		};
		942F2B731A0BCA7D00D79D25 /* maytinh */ = {
			isa = PBXGroup;
			children = (
				942F2B781A0BCA7D00D79D25 /* AppDelegate.h */,
				942F2B791A0BCA7D00D79D25 /* AppDelegate.m */,
				942F2B7B1A0BCA7D00D79D25 /* ViewController.h */,
				942F2B7C1A0BCA7D00D79D25 /* ViewController.m */,
				942F2B7E1A0BCA7D00D79D25 /* Main.storyboard */,
				942F2B811A0BCA7D00D79D25 /* Images.xcassets */,
				942F2B831A0BCA7D00D79D25 /* LaunchScreen.xib */,
				942F2B741A0BCA7D00D79D25 /* Supporting Files */,
				942F2B9A1A0BCD5900D79D25 /* View.xib */,
			);
			path = maytinh;
			sourceTree = "<group>";
		};
		942F2B741A0BCA7D00D79D25 /* Supporting Files */ = {
			isa = PBXGroup;
			children = (
				942F2B751A0BCA7D00D79D25 /* Info.plist */,
				942F2B761A0BCA7D00D79D25 /* main.m */,
			);
			name = "Supporting Files";
			sourceTree = "<group>";
		};
		942F2B8D1A0BCA7D00D79D25 /* maytinhTests */ = {
			isa = PBXGroup;
			children = (
				942F2B901A0BCA7D00D79D25 /* maytinhTests.m */,
				942F2B8E1A0BCA7D00D79D25 /* Supporting Files */,
			);
			path = maytinhTests;
			sourceTree = "<group>";
		};
		942F2B8E1A0BCA7D00D79D25 /* Supporting Files */ = {
			isa = PBXGroup;
			children = (
				942F2B8F1A0BCA7D00D79D25 /* Info.plist */,
			);
			name = "Supporting Files";
			sourceTree = "<group>";
		};
/* End PBXGroup section */

/* Begin PBXNativeTarget section */
		942F2B701A0BCA7D00D79D25 /* maytinh */ = {
			isa = PBXNativeTarget;
			buildConfigurationList = 942F2B941A0BCA7D00D79D25 /* Build configuration list for PBXNativeTarget "maytinh" */;
			buildPhases = (
				942F2B6D1A0BCA7D00D79D25 /* Sources */,
				942F2B6E1A0BCA7D00D79D25 /* Frameworks */,
				942F2B6F1A0BCA7D00D79D25 /* Resources */,
			);
			buildRules = (
			);
			dependencies = (
			);
			name = maytinh;
			productName = maytinh;
			productReference = 942F2B711A0BCA7D00D79D25 /* maytinh.app */;
			productType = "com.apple.product-type.application";
		};
		942F2B891A0BCA7D00D79D25 /* maytinhTests */ = {
			isa = PBXNativeTarget;
			buildConfigurationList = 942F2B971A0BCA7D00D79D25 /* Build configuration list for PBXNativeTarget "maytinhTests" */;
			buildPhases = (
				942F2B861A0BCA7D00D79D25 /* Sources */,
				942F2B871A0BCA7D00D79D25 /* Frameworks */,
				942F2B881A0BCA7D00D79D25 /* Resources */,
			);
			buildRules = (
			);
			dependencies = (
				942F2B8C1A0BCA7D00D79D25 /* PBXTargetDependency */,
			);
			name = maytinhTests;
			productName = maytinhTests;
			productReference = 942F2B8A1A0BCA7D00D79D25 /* maytinhTests.xctest */;
			productType = "com.apple.product-type.bundle.unit-test";
		};
/* End PBXNativeTarget section */

/* Begin PBXProject section */
		942F2B691A0BCA7D00D79D25 /* Project object */ = {
			isa = PBXProject;
			attributes = {
				LastUpgradeCheck = 0610;
				ORGANIZATIONNAME = "Ha Xuan Thuong";
				TargetAttributes = {
					942F2B701A0BCA7D00D79D25 = {
						CreatedOnToolsVersion = 6.1;
					};
					942F2B891A0BCA7D00D79D25 = {
						CreatedOnToolsVersion = 6.1;
						TestTargetID = 942F2B701A0BCA7D00D79D25;
					};
				};
			};
			buildConfigurationList = 942F2B6C1A0BCA7D00D79D25 /* Build configuration list for PBXProject "maytinh" */;
			compatibilityVersion = "Xcode 3.2";
			developmentRegion = English;
			hasScannedForEncodings = 0;
			knownRegions = (
				en,
				Base,
			);
			mainGroup = 942F2B681A0BCA7D00D79D25;
			productRefGroup = 942F2B721A0BCA7D00D79D25 /* Products */;
			projectDirPath = "";
			projectRoot = "";
			targets = (
				942F2B701A0BCA7D00D79D25 /* maytinh */,
				942F2B891A0BCA7D00D79D25 /* maytinhTests */,
			);
		};
/* End PBXProject section */

/* Begin PBXResourcesBuildPhase section */
		942F2B6F1A0BCA7D00D79D25 /* Resources */ = {
			isa = PBXResourcesBuildPhase;
			buildActionMask = 2147483647;
			files = (
				942F2B9B1A0BCD5900D79D25 /* View.xib in Resources */,
				942F2B801A0BCA7D00D79D25 /* Main.storyboard in Resources */,
				942F2B851A0BCA7D00D79D25 /* LaunchScreen.xib in Resources */,
				942F2B821A0BCA7D00D79D25 /* Images.xcassets in Resources */,
			);
			runOnlyForDeploymentPostprocessing = 0;
		};
		942F2B881A0BCA7D00D79D25 /* Resources */ = {
			isa = PBXResourcesBuildPhase;
			buildActionMask = 2147483647;
			files = (
			);
			runOnlyForDeploymentPostprocessing = 0;
		};
/* End PBXResourcesBuildPhase section */

/* Begin PBXSourcesBuildPhase section */
		942F2B6D1A0BCA7D00D79D25 /* Sources */ = {
			isa = PBXSourcesBuildPhase;
			buildActionMask = 2147483647;
			files = (
				942F2B7D1A0BCA7D00D79D25 /* ViewController.m in Sources */,
				942F2B7A1A0BCA7D00D79D25 /* AppDelegate.m in Sources */,
				942F2B771A0BCA7D00D79D25 /* main.m in Sources */,
			);
			runOnlyForDeploymentPostprocessing = 0;
		};
		942F2B861A0BCA7D00D79D25 /* Sources */ = {
			isa = PBXSourcesBuildPhase;
			buildActionMask = 2147483647;
			files = (
				942F2B911A0BCA7D00D79D25 /* maytinhTests.m in Sources */,
			);
			runOnlyForDeploymentPostprocessing = 0;
		};
/* End PBXSourcesBuildPhase section */

/* Begin PBXTargetDependency section */
		942F2B8C1A0BCA7D00D79D25 /* PBXTargetDependency */ = {
			isa = PBXTargetDependency;
			target = 942F2B701A0BCA7D00D79D25 /* maytinh */;
			targetProxy = 942F2B8B1A0BCA7D00D79D25 /* PBXContainerItemProxy */;
		};
/* End PBXTargetDependency section */

/* Begin PBXVariantGroup section */
		942F2B7E1A0BCA7D00D79D25 /* Main.storyboard */ = {
			isa = PBXVariantGroup;
			children = (
				942F2B7F1A0BCA7D00D79D25 /* Base */,
			);
			name = Main.storyboard;
			sourceTree = "<group>";
		};
		942F2B831A0BCA7D00D79D25 /* LaunchScreen.xib */ = {
			isa = PBXVariantGroup;
			children = (
				942F2B841A0BCA7D00D79D25 /* Base */,
			);
			name = LaunchScreen.xib;
			sourceTree = "<group>";
		};
/* End PBXVariantGroup section */

/* Begin XCBuildConfiguration section */
		942F2B921A0BCA7D00D79D25 /* Debug */ = {
			isa = XCBuildConfiguration;
			buildSettings = {
				ALWAYS_SEARCH_USER_PATHS = NO;
				CLANG_CXX_LANGUAGE_STANDARD = "gnu++0x";
				CLANG_CXX_LIBRARY = "libc++";
				CLANG_ENABLE_MODULES = YES;
				CLANG_ENABLE_OBJC_ARC = YES;
				CLANG_WARN_BOOL_CONVERSION = YES;
				CLANG_WARN_CONSTANT_CONVERSION = YES;
				CLANG_WARN_DIRECT_OBJC_ISA_USAGE = YES_ERROR;
				CLANG_WARN_EMPTY_BODY = YES;
				CLANG_WARN_ENUM_CONVERSION = YES;
				CLANG_WARN_INT_CONVERSION = YES;
				CLANG_WARN_OBJC_ROOT_CLASS = YES_ERROR;
				CLANG_WARN_UNREACHABLE_CODE = YES;
				CLANG_WARN__DUPLICATE_METHOD_MATCH = YES;
				"CODE_SIGN_IDENTITY[sdk=iphoneos*]" = "iPhone Developer";
				COPY_PHASE_STRIP = NO;
				ENABLE_STRICT_OBJC_MSGSEND = YES;
				GCC_C_LANGUAGE_STANDARD = gnu99;
				GCC_DYNAMIC_NO_PIC = NO;
				GCC_OPTIMIZATION_LEVEL = 0;
				GCC_PREPROCESSOR_DEFINITIONS = (
					"DEBUG=1",
					"$(inherited)",
				);
				GCC_SYMBOLS_PRIVATE_EXTERN = NO;
				GCC_WARN_64_TO_32_BIT_CONVERSION = YES;
				GCC_WARN_ABOUT_RETURN_TYPE = YES_ERROR;
				GCC_WARN_UNDECLARED_SELECTOR = YES;
				GCC_WARN_UNINITIALIZED_AUTOS = YES_AGGRESSIVE;
				GCC_WARN_UNUSED_FUNCTION = YES;
				GCC_WARN_UNUSED_VARIABLE = YES;
				IPHONEOS_DEPLOYMENT_TARGET = 8.1;
				MTL_ENABLE_DEBUG_INFO = YES;
				ONLY_ACTIVE_ARCH = YES;
				SDKROOT = iphoneos;
			};
			name = Debug;
		};
		942F2B931A0BCA7D00D79D25 /* Release */ = {
			isa = XCBuildConfiguration;
			buildSettings = {
				ALWAYS_SEARCH_USER_PATHS = NO;
				CLANG_CXX_LANGUAGE_STANDARD = "gnu++0x";
				CLANG_CXX_LIBRARY = "libc++";
				CLANG_ENABLE_MODULES = YES;
				CLANG_ENABLE_OBJC_ARC = YES;
				CLANG_WARN_BOOL_CONVERSION = YES;
				CLANG_WARN_CONSTANT_CONVERSION = YES;
				CLANG_WARN_DIRECT_OBJC_ISA_USAGE = YES_ERROR;
				CLANG_WARN_EMPTY_BODY = YES;
				CLANG_WARN_ENUM_CONVERSION = YES;
				CLANG_WARN_INT_CONVERSION = YES;
				CLANG_WARN_OBJC_ROOT_CLASS = YES_ERROR;
				CLANG_WARN_UNREACHABLE_CODE = YES;
				CLANG_WARN__DUPLICATE_METHOD_MATCH = YES;
				"CODE_SIGN_IDENTITY[sdk=iphoneos*]" = "iPhone Developer";
				COPY_PHASE_STRIP = YES;
				ENABLE_NS_ASSERTIONS = NO;
				ENABLE_STRICT_OBJC_MSGSEND = YES;
				GCC_C_LANGUAGE_STANDARD = gnu99;
				GCC_WARN_64_TO_32_BIT_CONVERSION = YES;
				GCC_WARN_ABOUT_RETURN_TYPE = YES_ERROR;
				GCC_WARN_UNDECLARED_SELECTOR = YES;
				GCC_WARN_UNINITIALIZED_AUTOS = YES_AGGRESSIVE;
				GCC_WARN_UNUSED_FUNCTION = YES;
				GCC_WARN_UNUSED_VARIABLE = YES;
				IPHONEOS_DEPLOYMENT_TARGET = 8.1;
				MTL_ENABLE_DEBUG_INFO = NO;
				SDKROOT = iphoneos;
				VALIDATE_PRODUCT = YES;
			};
			name = Release;
		};
		942F2B951A0BCA7D00D79D25 /* Debug */ = {
			isa = XCBuildConfiguration;
			buildSettings = {
				ASSETCATALOG_COMPILER_APPICON_NAME = AppIcon;
				INFOPLIST_FILE = maytinh/Info.plist;
				IPHONEOS_DEPLOYMENT_TARGET = 6.0;
				LD_RUNPATH_SEARCH_PATHS = "$(inherited) @executable_path/Frameworks";
				PRODUCT_NAME = "$(TARGET_NAME)";
				TARGETED_DEVICE_FAMILY = 1;
			};
			name = Debug;
		};
		942F2B961A0BCA7D00D79D25 /* Release */ = {
			isa = XCBuildConfiguration;
			buildSettings = {
				ASSETCATALOG_COMPILER_APPICON_NAME = AppIcon;
				INFOPLIST_FILE = maytinh/Info.plist;
				IPHONEOS_DEPLOYMENT_TARGET = 6.0;
				LD_RUNPATH_SEARCH_PATHS = "$(inherited) @executable_path/Frameworks";
				PRODUCT_NAME = "$(TARGET_NAME)";
				TARGETED_DEVICE_FAMILY = 1;
			};
			name = Release;
		};
		942F2B981A0BCA7D00D79D25 /* Debug */ = {
			isa = XCBuildConfiguration;
			buildSettings = {
				BUNDLE_LOADER = "$(TEST_HOST)";
				FRAMEWORK_SEARCH_PATHS = (
					"$(SDKROOT)/Developer/Library/Frameworks",
					"$(inherited)",
				);
				GCC_PREPROCESSOR_DEFINITIONS = (
					"DEBUG=1",
					"$(inherited)",
				);
				INFOPLIST_FILE = maytinhTests/Info.plist;
				LD_RUNPATH_SEARCH_PATHS = "$(inherited) @executable_path/Frameworks @loader_path/Frameworks";
				PRODUCT_NAME = "$(TARGET_NAME)";
				TEST_HOST = "$(BUILT_PRODUCTS_DIR)/maytinh.app/maytinh";
			};
			name = Debug;
		};
		942F2B991A0BCA7D00D79D25 /* Release */ = {
			isa = XCBuildConfiguration;
			buildSettings = {
				BUNDLE_LOADER = "$(TEST_HOST)";
				FRAMEWORK_SEARCH_PATHS = (
					"$(SDKROOT)/Developer/Library/Frameworks",
					"$(inherited)",
				);
				INFOPLIST_FILE = maytinhTests/Info.plist;
				LD_RUNPATH_SEARCH_PATHS = "$(inherited) @executable_path/Frameworks @loader_path/Frameworks";
				PRODUCT_NAME = "$(TARGET_NAME)";
				TEST_HOST = "$(BUILT_PRODUCTS_DIR)/maytinh.app/maytinh";
			};
			name = Release;
		};
/* End XCBuildConfiguration section */

/* Begin XCConfigurationList section */
		942F2B6C1A0BCA7D00D79D25 /* Build configuration list for PBXProject "maytinh" */ = {
			isa = XCConfigurationList;
			buildConfigurations = (
				942F2B921A0BCA7D00D79D25 /* Debug */,
				942F2B931A0BCA7D00D79D25 /* Release */,
			);
			defaultConfigurationIsVisible = 0;
			defaultConfigurationName = Release;
		};
		942F2B941A0BCA7D00D79D25 /* Build configuration list for PBXNativeTarget "maytinh" */ = {
			isa = XCConfigurationList;
			buildConfigurations = (
				942F2B951A0BCA7D00D79D25 /* Debug */,
				942F2B961A0BCA7D00D79D25 /* Release */,
			);
			defaultConfigurationIsVisible = 0;
		};
		942F2B971A0BCA7D00D79D25 /* Build configuration list for PBXNativeTarget "maytinhTests" */ = {
			isa = XCConfigurationList;
			buildConfigurations = (
				942F2B981A0BCA7D00D79D25 /* Debug */,
				942F2B991A0BCA7D00D79D25 /* Release */,
			);
			defaultConfigurationIsVisible = 0;
		};
/* End XCConfigurationList section */
	};
	rootObject = 942F2B691A0BCA7D00D79D25 /* Project object */;
}
