// !$*UTF8*$!
{
	archiveVersion = 1;
	classes = {
	};
	objectVersion = 46;
	objects = {

/* Begin PBXGroup section */
		942F2B9C1A0BCE8100D79D25 = {
			isa = PBXGroup;
			children = (
			);
			sourceTree = "<group>";
		};
/* End PBXGroup section */

/* Begin PBXProject section */
		942F2B9D1A0BCE8100D79D25 /* Project object */ = {
			isa = PBXProject;
			attributes = {
				LastUpgradeCheck = 0610;
			};
			buildConfigurationList = 942F2BA01A0BCE8100D79D25 /* Build configuration list for PBXProject "bai1" */;
			compatibilityVersion = "Xcode 3.2";
			developmentRegion = English;
			hasScannedForEncodings = 0;
			knownRegions = (
				en,
			);
			mainGroup = 942F2B9C1A0BCE8100D79D25;
			projectDirPath = "";
			projectRoot = "";
			targets = (
			);
		};
/* End PBXProject section */

/* Begin XCBuildConfiguration section */
		942F2BA11A0BCE8100D79D25 /* Debug */ = {
			isa = XCBuildConfiguration;
			buildSettings = {
			};
			name = Debug;
		};
		942F2BA21A0BCE8100D79D25 /* Release */ = {
			isa = XCBuildConfiguration;
			buildSettings = {
			};
			name = Release;
		};
/* End XCBuildConfiguration section */

/* Begin XCConfigurationList section */
		942F2BA01A0BCE8100D79D25 /* Build configuration list for PBXProject "bai1" */ = {
			isa = XCConfigurationList;
			buildConfigurations = (
				942F2BA11A0BCE8100D79D25 /* Debug */,
				942F2BA21A0BCE8100D79D25 /* Release */,
			);
			defaultConfigurationIsVisible = 0;
			defaultConfigurationName = Release;
		};
/* End XCConfigurationList section */
	};
	rootObject = 942F2B9D1A0BCE8100D79D25 /* Project object */;
}
